
Microsoft Visual Studio Solution File, Format Version 12.00
# Visual Studio Version 17
VisualStudioVersion = 17.7.34024.191
MinimumVisualStudioVersion = 10.0.40219.1
Project("{FAE04EC0-301F-11D3-BF4B-00C04F79EFBC}") = "MVCProject", "MVCProject.csproj", "{D284AD92-225F-4082-85EB-1DB21A366576}"
EndProject
Global
	GlobalSection(SolutionConfigurationPlatforms) = preSolution
		Debug|Any CPU = Debug|Any CPU
		Release|Any CPU = Release|Any CPU
	EndGlobalSection
	GlobalSection(ProjectConfigurationPlatforms) = postSolution
		{D284AD92-225F-4082-85EB-1DB21A366576}.Debug|Any CPU.ActiveCfg = Debug|Any CPU
		{D284AD92-225F-4082-85EB-1DB21A366576}.Debug|Any CPU.Build.0 = Debug|Any CPU
		{D284AD92-225F-4082-85EB-1DB21A366576}.Release|Any CPU.ActiveCfg = Release|Any CPU
		{D284AD92-225F-4082-85EB-1DB21A366576}.Release|Any CPU.Build.0 = Release|Any CPU
	EndGlobalSection
	GlobalSection(SolutionProperties) = preSolution
		HideSolutionNode = FALSE
	EndGlobalSection
	GlobalSection(ExtensibilityGlobals) = postSolution
		SolutionGuid = {16A6C32F-8E42-4563-8C52-C2BFBA05E426}
	EndGlobalSection
EndGlobal
